
Microsoft Visual Studio Solution File, Format Version 12.00
# Visual Studio Version 16
VisualStudioVersion = 16.0.30717.126
MinimumVisualStudioVersion = 10.0.40219.1
Project("{9A19103F-16F7-4668-BE54-9A1E7A4F7556}") = "UITests", "UITests.csproj", "{8A41AB01-667C-49EB-A83B-A861193C20AD}"
EndProject
Global
	GlobalSection(SolutionConfigurationPlatforms) = preSolution
		Debug|Any CPU = Debug|Any CPU
		Release|Any CPU = Release|Any CPU
	EndGlobalSection
	GlobalSection(ProjectConfigurationPlatforms) = postSolution
		{8A41AB01-667C-49EB-A83B-A861193C20AD}.Debug|Any CPU.ActiveCfg = Debug|Any CPU
		{8A41AB01-667C-49EB-A83B-A861193C20AD}.Debug|Any CPU.Build.0 = Debug|Any CPU
		{8A41AB01-667C-49EB-A83B-A861193C20AD}.Release|Any CPU.ActiveCfg = Release|Any CPU
		{8A41AB01-667C-49EB-A83B-A861193C20AD}.Release|Any CPU.Build.0 = Release|Any CPU
	EndGlobalSection
	GlobalSection(SolutionProperties) = preSolution
		HideSolutionNode = FALSE
	EndGlobalSection
	GlobalSection(ExtensibilityGlobals) = postSolution
		SolutionGuid = {64D19C45-8712-41B5-AD9B-3ECE1325D6D4}
	EndGlobalSection
EndGlobal
